
Microsoft Visual Studio Solution File, Format Version 12.00
# Visual Studio 15
VisualStudioVersion = 15.0.28307.572
MinimumVisualStudioVersion = 10.0.40219.1
Project("{FAE04EC0-301F-11D3-BF4B-00C04F79EFBC}") = "InterpolationL", "InterpolationL\InterpolationL.csproj", "{3C0A6A64-7EE2-4B3A-B57C-90EF66EFF03E}"
EndProject
Global
	GlobalSection(SolutionConfigurationPlatforms) = preSolution
		Debug|Any CPU = Debug|Any CPU
		Release|Any CPU = Release|Any CPU
	EndGlobalSection
	GlobalSection(ProjectConfigurationPlatforms) = postSolution
		{3C0A6A64-7EE2-4B3A-B57C-90EF66EFF03E}.Debug|Any CPU.ActiveCfg = Debug|Any CPU
		{3C0A6A64-7EE2-4B3A-B57C-90EF66EFF03E}.Debug|Any CPU.Build.0 = Debug|Any CPU
		{3C0A6A64-7EE2-4B3A-B57C-90EF66EFF03E}.Release|Any CPU.ActiveCfg = Release|Any CPU
		{3C0A6A64-7EE2-4B3A-B57C-90EF66EFF03E}.Release|Any CPU.Build.0 = Release|Any CPU
	EndGlobalSection
	GlobalSection(SolutionProperties) = preSolution
		HideSolutionNode = FALSE
	EndGlobalSection
	GlobalSection(ExtensibilityGlobals) = postSolution
		SolutionGuid = {22DABD37-3C99-42EE-9774-8FEFF9AE5CB7}
	EndGlobalSection
EndGlobal
